
Microsoft Visual Studio Solution File, Format Version 12.00
Project("{FAE04EC0-301F-11D3-BF4B-00C04F79EFBC}") = "Variaveis", "Variaveis\Variaveis.csproj", "{EC2B2EE6-F59A-4CDC-B15C-4D42CE0E0CF0}"
EndProject
Project("{FAE04EC0-301F-11D3-BF4B-00C04F79EFBC}") = "Operadores", "Operadores\Operadores.csproj", "{ACE98E93-3170-4797-BC95-87D3D33C5577}"
EndProject
Project("{FAE04EC0-301F-11D3-BF4B-00C04F79EFBC}") = "Escrita", "Escrita\Escrita.csproj", "{2C057534-8E0F-478B-84B6-74EC641E93F8}"
EndProject
Project("{FAE04EC0-301F-11D3-BF4B-00C04F79EFBC}") = "ConversaoImplicitaCasting", "ConversaoImplicitaCasting\ConversaoImplicitaCasting.csproj", "{45734726-6871-4DC6-95AE-75C67BDBF446}"
EndProject
Project("{FAE04EC0-301F-11D3-BF4B-00C04F79EFBC}") = "Leitura", "Leitura\Leitura.csproj", "{7222FDEF-1236-4CF7-8537-F6ED129CD4DA}"
EndProject
Project("{FAE04EC0-301F-11D3-BF4B-00C04F79EFBC}") = "OperadoresComparativos", "OperadoresComparativos\OperadoresComparativos.csproj", "{A1F87EFD-1E24-42EB-A636-B797BE4B10B4}"
EndProject
Project("{FAE04EC0-301F-11D3-BF4B-00C04F79EFBC}") = "OperadoresLogicos", "OperadoresLogicos\OperadoresLogicos.csproj", "{54BE3E21-AA3F-4ACB-BAB1-A5A43B6E0954}"
EndProject
Global
	GlobalSection(SolutionConfigurationPlatforms) = preSolution
		Debug|Any CPU = Debug|Any CPU
		Release|Any CPU = Release|Any CPU
	EndGlobalSection
	GlobalSection(ProjectConfigurationPlatforms) = postSolution
		{EC2B2EE6-F59A-4CDC-B15C-4D42CE0E0CF0}.Debug|Any CPU.ActiveCfg = Debug|Any CPU
		{EC2B2EE6-F59A-4CDC-B15C-4D42CE0E0CF0}.Debug|Any CPU.Build.0 = Debug|Any CPU
		{EC2B2EE6-F59A-4CDC-B15C-4D42CE0E0CF0}.Release|Any CPU.ActiveCfg = Release|Any CPU
		{EC2B2EE6-F59A-4CDC-B15C-4D42CE0E0CF0}.Release|Any CPU.Build.0 = Release|Any CPU
		{ACE98E93-3170-4797-BC95-87D3D33C5577}.Debug|Any CPU.ActiveCfg = Debug|Any CPU
		{ACE98E93-3170-4797-BC95-87D3D33C5577}.Debug|Any CPU.Build.0 = Debug|Any CPU
		{ACE98E93-3170-4797-BC95-87D3D33C5577}.Release|Any CPU.ActiveCfg = Release|Any CPU
		{ACE98E93-3170-4797-BC95-87D3D33C5577}.Release|Any CPU.Build.0 = Release|Any CPU
		{2C057534-8E0F-478B-84B6-74EC641E93F8}.Debug|Any CPU.ActiveCfg = Debug|Any CPU
		{2C057534-8E0F-478B-84B6-74EC641E93F8}.Debug|Any CPU.Build.0 = Debug|Any CPU
		{2C057534-8E0F-478B-84B6-74EC641E93F8}.Release|Any CPU.ActiveCfg = Release|Any CPU
		{2C057534-8E0F-478B-84B6-74EC641E93F8}.Release|Any CPU.Build.0 = Release|Any CPU
		{45734726-6871-4DC6-95AE-75C67BDBF446}.Debug|Any CPU.ActiveCfg = Debug|Any CPU
		{45734726-6871-4DC6-95AE-75C67BDBF446}.Debug|Any CPU.Build.0 = Debug|Any CPU
		{45734726-6871-4DC6-95AE-75C67BDBF446}.Release|Any CPU.ActiveCfg = Release|Any CPU
		{45734726-6871-4DC6-95AE-75C67BDBF446}.Release|Any CPU.Build.0 = Release|Any CPU
		{7222FDEF-1236-4CF7-8537-F6ED129CD4DA}.Debug|Any CPU.ActiveCfg = Debug|Any CPU
		{7222FDEF-1236-4CF7-8537-F6ED129CD4DA}.Debug|Any CPU.Build.0 = Debug|Any CPU
		{7222FDEF-1236-4CF7-8537-F6ED129CD4DA}.Release|Any CPU.ActiveCfg = Release|Any CPU
		{7222FDEF-1236-4CF7-8537-F6ED129CD4DA}.Release|Any CPU.Build.0 = Release|Any CPU
		{A1F87EFD-1E24-42EB-A636-B797BE4B10B4}.Debug|Any CPU.ActiveCfg = Debug|Any CPU
		{A1F87EFD-1E24-42EB-A636-B797BE4B10B4}.Debug|Any CPU.Build.0 = Debug|Any CPU
		{A1F87EFD-1E24-42EB-A636-B797BE4B10B4}.Release|Any CPU.ActiveCfg = Release|Any CPU
		{A1F87EFD-1E24-42EB-A636-B797BE4B10B4}.Release|Any CPU.Build.0 = Release|Any CPU
		{54BE3E21-AA3F-4ACB-BAB1-A5A43B6E0954}.Debug|Any CPU.ActiveCfg = Debug|Any CPU
		{54BE3E21-AA3F-4ACB-BAB1-A5A43B6E0954}.Debug|Any CPU.Build.0 = Debug|Any CPU
		{54BE3E21-AA3F-4ACB-BAB1-A5A43B6E0954}.Release|Any CPU.ActiveCfg = Release|Any CPU
		{54BE3E21-AA3F-4ACB-BAB1-A5A43B6E0954}.Release|Any CPU.Build.0 = Release|Any CPU
	EndGlobalSection
EndGlobal
