
Microsoft Visual Studio Solution File, Format Version 12.00
Project("{FAE04EC0-301F-11D3-BF4B-00C04F79EFBC}") = "Variaveis", "Variaveis\Variaveis.csproj", "{EC2B2EE6-F59A-4CDC-B15C-4D42CE0E0CF0}"
EndProject
Project("{FAE04EC0-301F-11D3-BF4B-00C04F79EFBC}") = "Operadores", "Operadores\Operadores.csproj", "{ACE98E93-3170-4797-BC95-87D3D33C5577}"
EndProject
Project("{FAE04EC0-301F-11D3-BF4B-00C04F79EFBC}") = "LeituraEscrita", "LeituraEscrita\LeituraEscrita.csproj", "{2C057534-8E0F-478B-84B6-74EC641E93F8}"
EndProject
Project("{FAE04EC0-301F-11D3-BF4B-00C04F79EFBC}") = "ExerciciosFundamentos", "ExerciciosFundamentos\ExerciciosFundamentos.csproj", "{AD72DCF3-7FA8-469B-94B8-0FD571A9985B}"
EndProject
Global
	GlobalSection(SolutionConfigurationPlatforms) = preSolution
		Debug|Any CPU = Debug|Any CPU
		Release|Any CPU = Release|Any CPU
	EndGlobalSection
	GlobalSection(ProjectConfigurationPlatforms) = postSolution
		{EC2B2EE6-F59A-4CDC-B15C-4D42CE0E0CF0}.Debug|Any CPU.ActiveCfg = Debug|Any CPU
		{EC2B2EE6-F59A-4CDC-B15C-4D42CE0E0CF0}.Debug|Any CPU.Build.0 = Debug|Any CPU
		{EC2B2EE6-F59A-4CDC-B15C-4D42CE0E0CF0}.Release|Any CPU.ActiveCfg = Release|Any CPU
		{EC2B2EE6-F59A-4CDC-B15C-4D42CE0E0CF0}.Release|Any CPU.Build.0 = Release|Any CPU
		{ACE98E93-3170-4797-BC95-87D3D33C5577}.Debug|Any CPU.ActiveCfg = Debug|Any CPU
		{ACE98E93-3170-4797-BC95-87D3D33C5577}.Debug|Any CPU.Build.0 = Debug|Any CPU
		{ACE98E93-3170-4797-BC95-87D3D33C5577}.Release|Any CPU.ActiveCfg = Release|Any CPU
		{ACE98E93-3170-4797-BC95-87D3D33C5577}.Release|Any CPU.Build.0 = Release|Any CPU
		{2C057534-8E0F-478B-84B6-74EC641E93F8}.Debug|Any CPU.ActiveCfg = Debug|Any CPU
		{2C057534-8E0F-478B-84B6-74EC641E93F8}.Debug|Any CPU.Build.0 = Debug|Any CPU
		{2C057534-8E0F-478B-84B6-74EC641E93F8}.Release|Any CPU.ActiveCfg = Release|Any CPU
		{2C057534-8E0F-478B-84B6-74EC641E93F8}.Release|Any CPU.Build.0 = Release|Any CPU
		{AD72DCF3-7FA8-469B-94B8-0FD571A9985B}.Debug|Any CPU.ActiveCfg = Debug|Any CPU
		{AD72DCF3-7FA8-469B-94B8-0FD571A9985B}.Debug|Any CPU.Build.0 = Debug|Any CPU
		{AD72DCF3-7FA8-469B-94B8-0FD571A9985B}.Release|Any CPU.ActiveCfg = Release|Any CPU
		{AD72DCF3-7FA8-469B-94B8-0FD571A9985B}.Release|Any CPU.Build.0 = Release|Any CPU
	EndGlobalSection
EndGlobal
