
Microsoft Visual Studio Solution File, Format Version 12.00
Project("{FAE04EC0-301F-11D3-BF4B-00C04F79EFBC}") = "Exercicio_1_Password_While", "Exercicio_1_Password_While\Exercicio_1_Password_While.csproj", "{14521B06-5BC6-4258-8EE1-9E31B3E34962}"
EndProject
Project("{FAE04EC0-301F-11D3-BF4B-00C04F79EFBC}") = "Exercicio_2_Quadrant_While", "Exercicio_2_Quadrant_While\Exercicio_2_Quadrant_While.csproj", "{71997AAB-0EAE-4EC7-AE10-981AF3899B6C}"
EndProject
Project("{FAE04EC0-301F-11D3-BF4B-00C04F79EFBC}") = "Exercicio_3_Fuel_While", "Exercicio_3_Fuel_While\Exercicio_3_Fuel_While.csproj", "{5E365E55-D679-4835-B202-85887D787C4B}"
EndProject
Project("{FAE04EC0-301F-11D3-BF4B-00C04F79EFBC}") = "Exercicio_4_Odd_For", "Exercicio_4_Odd_For\Exercicio_4_Odd_For.csproj", "{84C1FD17-F6ED-43DA-869B-DDF79FD680BC}"
EndProject
Project("{FAE04EC0-301F-11D3-BF4B-00C04F79EFBC}") = "Exercicio_5_Interval_For", "Exercicio_5_Interval_For\Exercicio_5_Interval_For.csproj", "{E4782148-01E1-462F-8A8F-B72477935A42}"
EndProject
Project("{FAE04EC0-301F-11D3-BF4B-00C04F79EFBC}") = "Exercicio_6_Weighted_For", "Exercicio_6_Weighted_For\Exercicio_6_Weighted_For.csproj", "{9419C3DC-FA6D-4B4B-B70B-07FB9D4FF7E9}"
EndProject
Project("{FAE04EC0-301F-11D3-BF4B-00C04F79EFBC}") = "Exercicio_7_ImpossibleDivision_For", "Exercicio_7_ImpossibleDivision_For\Exercicio_7_ImpossibleDivision_For.csproj", "{3AF8BD14-E934-4548-B704-B8286E0338DB}"
EndProject
Project("{FAE04EC0-301F-11D3-BF4B-00C04F79EFBC}") = "Exercicio_8_Factorial_For", "Exercicio_8_Factorial_For\Exercicio_8_Factorial_For.csproj", "{BC0EAB57-09FD-4A29-A6C1-10DDECD3BE12}"
EndProject
Project("{FAE04EC0-301F-11D3-BF4B-00C04F79EFBC}") = "Exercicio_9_Dividers_For", "Exercicio_9_Dividers_For\Exercicio_9_Dividers_For.csproj", "{96B5EE29-C6D0-4E3E-8E2F-77A1BCD8A70B}"
EndProject
Project("{FAE04EC0-301F-11D3-BF4B-00C04F79EFBC}") = "Exercicio_10_Multiple_For", "Exercicio_10_Multiple_For\Exercicio_10_Multiple_For.csproj", "{BD56F9A8-FB8E-4765-90AD-8393EAC88D2B}"
EndProject
Global
	GlobalSection(SolutionConfigurationPlatforms) = preSolution
		Debug|Any CPU = Debug|Any CPU
		Release|Any CPU = Release|Any CPU
	EndGlobalSection
	GlobalSection(ProjectConfigurationPlatforms) = postSolution
		{14521B06-5BC6-4258-8EE1-9E31B3E34962}.Debug|Any CPU.ActiveCfg = Debug|Any CPU
		{14521B06-5BC6-4258-8EE1-9E31B3E34962}.Debug|Any CPU.Build.0 = Debug|Any CPU
		{14521B06-5BC6-4258-8EE1-9E31B3E34962}.Release|Any CPU.ActiveCfg = Release|Any CPU
		{14521B06-5BC6-4258-8EE1-9E31B3E34962}.Release|Any CPU.Build.0 = Release|Any CPU
		{71997AAB-0EAE-4EC7-AE10-981AF3899B6C}.Debug|Any CPU.ActiveCfg = Debug|Any CPU
		{71997AAB-0EAE-4EC7-AE10-981AF3899B6C}.Debug|Any CPU.Build.0 = Debug|Any CPU
		{71997AAB-0EAE-4EC7-AE10-981AF3899B6C}.Release|Any CPU.ActiveCfg = Release|Any CPU
		{71997AAB-0EAE-4EC7-AE10-981AF3899B6C}.Release|Any CPU.Build.0 = Release|Any CPU
		{5E365E55-D679-4835-B202-85887D787C4B}.Debug|Any CPU.ActiveCfg = Debug|Any CPU
		{5E365E55-D679-4835-B202-85887D787C4B}.Debug|Any CPU.Build.0 = Debug|Any CPU
		{5E365E55-D679-4835-B202-85887D787C4B}.Release|Any CPU.ActiveCfg = Release|Any CPU
		{5E365E55-D679-4835-B202-85887D787C4B}.Release|Any CPU.Build.0 = Release|Any CPU
		{84C1FD17-F6ED-43DA-869B-DDF79FD680BC}.Debug|Any CPU.ActiveCfg = Debug|Any CPU
		{84C1FD17-F6ED-43DA-869B-DDF79FD680BC}.Debug|Any CPU.Build.0 = Debug|Any CPU
		{84C1FD17-F6ED-43DA-869B-DDF79FD680BC}.Release|Any CPU.ActiveCfg = Release|Any CPU
		{84C1FD17-F6ED-43DA-869B-DDF79FD680BC}.Release|Any CPU.Build.0 = Release|Any CPU
		{E4782148-01E1-462F-8A8F-B72477935A42}.Debug|Any CPU.ActiveCfg = Debug|Any CPU
		{E4782148-01E1-462F-8A8F-B72477935A42}.Debug|Any CPU.Build.0 = Debug|Any CPU
		{E4782148-01E1-462F-8A8F-B72477935A42}.Release|Any CPU.ActiveCfg = Release|Any CPU
		{E4782148-01E1-462F-8A8F-B72477935A42}.Release|Any CPU.Build.0 = Release|Any CPU
		{9419C3DC-FA6D-4B4B-B70B-07FB9D4FF7E9}.Debug|Any CPU.ActiveCfg = Debug|Any CPU
		{9419C3DC-FA6D-4B4B-B70B-07FB9D4FF7E9}.Debug|Any CPU.Build.0 = Debug|Any CPU
		{9419C3DC-FA6D-4B4B-B70B-07FB9D4FF7E9}.Release|Any CPU.ActiveCfg = Release|Any CPU
		{9419C3DC-FA6D-4B4B-B70B-07FB9D4FF7E9}.Release|Any CPU.Build.0 = Release|Any CPU
		{3AF8BD14-E934-4548-B704-B8286E0338DB}.Debug|Any CPU.ActiveCfg = Debug|Any CPU
		{3AF8BD14-E934-4548-B704-B8286E0338DB}.Debug|Any CPU.Build.0 = Debug|Any CPU
		{3AF8BD14-E934-4548-B704-B8286E0338DB}.Release|Any CPU.ActiveCfg = Release|Any CPU
		{3AF8BD14-E934-4548-B704-B8286E0338DB}.Release|Any CPU.Build.0 = Release|Any CPU
		{BC0EAB57-09FD-4A29-A6C1-10DDECD3BE12}.Debug|Any CPU.ActiveCfg = Debug|Any CPU
		{BC0EAB57-09FD-4A29-A6C1-10DDECD3BE12}.Debug|Any CPU.Build.0 = Debug|Any CPU
		{BC0EAB57-09FD-4A29-A6C1-10DDECD3BE12}.Release|Any CPU.ActiveCfg = Release|Any CPU
		{BC0EAB57-09FD-4A29-A6C1-10DDECD3BE12}.Release|Any CPU.Build.0 = Release|Any CPU
		{96B5EE29-C6D0-4E3E-8E2F-77A1BCD8A70B}.Debug|Any CPU.ActiveCfg = Debug|Any CPU
		{96B5EE29-C6D0-4E3E-8E2F-77A1BCD8A70B}.Debug|Any CPU.Build.0 = Debug|Any CPU
		{96B5EE29-C6D0-4E3E-8E2F-77A1BCD8A70B}.Release|Any CPU.ActiveCfg = Release|Any CPU
		{96B5EE29-C6D0-4E3E-8E2F-77A1BCD8A70B}.Release|Any CPU.Build.0 = Release|Any CPU
		{BD56F9A8-FB8E-4765-90AD-8393EAC88D2B}.Debug|Any CPU.ActiveCfg = Debug|Any CPU
		{BD56F9A8-FB8E-4765-90AD-8393EAC88D2B}.Debug|Any CPU.Build.0 = Debug|Any CPU
		{BD56F9A8-FB8E-4765-90AD-8393EAC88D2B}.Release|Any CPU.ActiveCfg = Release|Any CPU
		{BD56F9A8-FB8E-4765-90AD-8393EAC88D2B}.Release|Any CPU.Build.0 = Release|Any CPU
	EndGlobalSection
EndGlobal
